
Microsoft Visual Studio Solution File, Format Version 12.00
# Visual Studio Version 17
VisualStudioVersion = 17.9.34728.123
MinimumVisualStudioVersion = 10.0.40219.1
Project("{FAE04EC0-301F-11D3-BF4B-00C04F79EFBC}") = "StudentManagement", "StudentManagement\StudentManagement.csproj", "{6561E2A2-C1B6-4709-857E-E2A467C59486}"
EndProject
Global
	GlobalSection(SolutionConfigurationPlatforms) = preSolution
		Debug|Any CPU = Debug|Any CPU
		Release|Any CPU = Release|Any CPU
	EndGlobalSection
	GlobalSection(ProjectConfigurationPlatforms) = postSolution
		{6561E2A2-C1B6-4709-857E-E2A467C59486}.Debug|Any CPU.ActiveCfg = Debug|Any CPU
		{6561E2A2-C1B6-4709-857E-E2A467C59486}.Debug|Any CPU.Build.0 = Debug|Any CPU
		{6561E2A2-C1B6-4709-857E-E2A467C59486}.Release|Any CPU.ActiveCfg = Release|Any CPU
		{6561E2A2-C1B6-4709-857E-E2A467C59486}.Release|Any CPU.Build.0 = Release|Any CPU
	EndGlobalSection
	GlobalSection(SolutionProperties) = preSolution
		HideSolutionNode = FALSE
	EndGlobalSection
	GlobalSection(ExtensibilityGlobals) = postSolution
		SolutionGuid = {F0FA909B-D0F0-46C9-A101-7B6F4311B4F2}
	EndGlobalSection
EndGlobal
